<?xml version="1.0" encoding="utf-8"?>
<Project ToolsVersion="4.0" xmlns="http://schemas.microsoft.com/developer/msbuild/2003">
  <ItemGroup>
    <Filter Include="ソース ファイル">
      <UniqueIdentifier>{4FC737F1-C7A5-4376-A066-2A32D752A2FF}</UniqueIdentifier>
      <Extensions>cpp;c;cc;cxx;def;odl;idl;hpj;bat;asm;asmx</Extensions>
    </Filter>
    <Filter Include="ヘッダー ファイル">
      <UniqueIdentifier>{93995380-89BD-4b04-88EB-625FBE52EBFB}</UniqueIdentifier>
      <Extensions>h;hh;hpp;hxx;hm;inl;inc;xsd</Extensions>
    </Filter>
    <Filter Include="リソース ファイル">
      <UniqueIdentifier>{67DA6AB6-F800-4c08-8B7A-83BB121AAD01}</UniqueIdentifier>
      <Extensions>rc;ico;cur;bmp;dlg;rc2;rct;bin;rgs;gif;jpg;jpeg;jpe;resx;tiff;tif;png;wav;mfcribbon-ms</Extensions>
    </Filter>
    <Filter Include="ソース ファイル\System">
      <UniqueIdentifier>{78bc2e48-7f06-4863-87fe-19defb06889e}</UniqueIdentifier>
    </Filter>
    <Filter Include="ヘッダー ファイル\System">
      <UniqueIdentifier>{7c4194c2-60c3-457d-9887-3ba213bbecd4}</UniqueIdentifier>
    </Filter>
    <Filter Include="ソース ファイル\main_res">
      <UniqueIdentifier>{3d63cdb1-5dda-4cf8-b0df-904e567fd1cc}</UniqueIdentifier>
    </Filter>
    <Filter Include="ヘッダー ファイル\main_res">
      <UniqueIdentifier>{5053cae5-f2c2-4ca0-b0ac-dbc48518d9a3}</UniqueIdentifier>
    </Filter>
    <Filter Include="ソース ファイル\main_res\object_system">
      <UniqueIdentifier>{192e3b3d-79e5-40bf-b948-abc237a3bae5}</UniqueIdentifier>
    </Filter>
    <Filter Include="ヘッダー ファイル\main_res\object_system">
      <UniqueIdentifier>{0be3f7f2-1915-43ca-ab36-935a07afd4d4}</UniqueIdentifier>
    </Filter>
    <Filter Include="ソース ファイル\main_res\input">
      <UniqueIdentifier>{3dce1262-16eb-44a1-8267-7d2b0f78cc9b}</UniqueIdentifier>
    </Filter>
    <Filter Include="ヘッダー ファイル\main_res\input">
      <UniqueIdentifier>{e9b20738-5950-45ac-8e82-3ee34b45ecd7}</UniqueIdentifier>
    </Filter>
    <Filter Include="ソース ファイル\main_res\game_object">
      <UniqueIdentifier>{2986c9d3-d8e9-413a-a46a-806ea72c2132}</UniqueIdentifier>
    </Filter>
    <Filter Include="ヘッダー ファイル\main_res\game_object">
      <UniqueIdentifier>{fd789982-b82e-476b-a066-00d2ab041fa3}</UniqueIdentifier>
    </Filter>
    <Filter Include="ソース ファイル\main_res\net">
      <UniqueIdentifier>{f6d64242-1cfa-4238-854d-179c91192b68}</UniqueIdentifier>
    </Filter>
    <Filter Include="ヘッダー ファイル\main_res\net">
      <UniqueIdentifier>{a9a0f222-e306-4880-9b62-16367cc7523b}</UniqueIdentifier>
    </Filter>
    <Filter Include="ソース ファイル\main_res\Scene">
      <UniqueIdentifier>{df5268ce-59c7-4e6e-a2c0-d160f3ef3984}</UniqueIdentifier>
    </Filter>
    <Filter Include="ヘッダー ファイル\main_res\Scene">
      <UniqueIdentifier>{6fd09cd3-29e7-4a52-8e51-ab6c71f7584d}</UniqueIdentifier>
    </Filter>
    <Filter Include="ソース ファイル\main_res\game_object\basic">
      <UniqueIdentifier>{b11c545c-a857-4aee-9891-4de297c77fdd}</UniqueIdentifier>
    </Filter>
    <Filter Include="ヘッダー ファイル\main_res\game_object\basic">
      <UniqueIdentifier>{e4bf1833-39e7-4547-a0bd-b6ae2523f595}</UniqueIdentifier>
    </Filter>
    <Filter Include="ソース ファイル\main_res\game_object\title_object">
      <UniqueIdentifier>{de0bd4ef-f204-4522-9510-0f7da9ef2d81}</UniqueIdentifier>
    </Filter>
    <Filter Include="ヘッダー ファイル\main_res\game_object\title_object">
      <UniqueIdentifier>{82b5f3bf-7819-4785-b118-522807e2f4ad}</UniqueIdentifier>
    </Filter>
    <Filter Include="ソース ファイル\main_res\game_object\game_object">
      <UniqueIdentifier>{3639bc15-613c-4ce3-9834-688f3b590ce5}</UniqueIdentifier>
    </Filter>
    <Filter Include="ヘッダー ファイル\main_res\game_object\game_object">
      <UniqueIdentifier>{0421fc5b-b534-416f-8849-784ee45f4c9f}</UniqueIdentifier>
    </Filter>
    <Filter Include="ソース ファイル\main_res\game_object\option_object">
      <UniqueIdentifier>{9ce5e5f3-2dd3-401c-9a70-d393d9fd2b34}</UniqueIdentifier>
    </Filter>
    <Filter Include="ヘッダー ファイル\main_res\game_object\option_object">
      <UniqueIdentifier>{81ffab0d-e0cd-416d-8878-928e5bc34e32}</UniqueIdentifier>
    </Filter>
    <Filter Include="ソース ファイル\main_res\game_object\effect_object">
      <UniqueIdentifier>{f064a062-e489-43bc-bbbd-b923d8d90065}</UniqueIdentifier>
    </Filter>
    <Filter Include="ヘッダー ファイル\main_res\game_object\effect_object">
      <UniqueIdentifier>{a0596ff9-ec66-4d62-91ac-c75e57d9607c}</UniqueIdentifier>
    </Filter>
  </ItemGroup>
  <ItemGroup>
    <ClCompile Include="System.cpp">
      <Filter>ソース ファイル\System</Filter>
    </ClCompile>
    <ClCompile Include="Main_Game.cpp">
      <Filter>ソース ファイル\main_res</Filter>
    </ClCompile>
    <ClCompile Include="Collision.cpp">
      <Filter>ソース ファイル\main_res\object_system</Filter>
    </ClCompile>
    <ClCompile Include="Object_Base.cpp">
      <Filter>ソース ファイル\main_res\object_system</Filter>
    </ClCompile>
    <ClCompile Include="Input.cpp">
      <Filter>ソース ファイル\main_res\input</Filter>
    </ClCompile>
    <ClCompile Include="FileInput.cpp">
      <Filter>ソース ファイル\main_res\input</Filter>
    </ClCompile>
    <ClCompile Include="WinMain.cpp">
      <Filter>ソース ファイル</Filter>
    </ClCompile>
    <ClCompile Include="button_ui.cpp">
      <Filter>ソース ファイル\main_res\object_system</Filter>
    </ClCompile>
    <ClCompile Include="ObjectVector.cpp">
      <Filter>ソース ファイル\main_res\object_system</Filter>
    </ClCompile>
    <ClCompile Include="LogoScene.cpp">
      <Filter>ソース ファイル\main_res\Scene</Filter>
    </ClCompile>
    <ClCompile Include="logo.cpp">
      <Filter>ソース ファイル\main_res\game_object\basic</Filter>
    </ClCompile>
    <ClCompile Include="Loading.cpp">
      <Filter>ソース ファイル\main_res\game_object\basic</Filter>
    </ClCompile>
    <ClCompile Include="LoadingScene.cpp">
      <Filter>ソース ファイル\main_res\Scene</Filter>
    </ClCompile>
    <ClCompile Include="start.cpp">
      <Filter>ソース ファイル\main_res\game_object\title_object</Filter>
    </ClCompile>
    <ClCompile Include="StartScene.cpp">
      <Filter>ソース ファイル\main_res\Scene</Filter>
    </ClCompile>
    <ClCompile Include="Exit.cpp">
      <Filter>ソース ファイル\main_res\game_object\title_object</Filter>
    </ClCompile>
    <ClCompile Include="load.cpp">
      <Filter>ソース ファイル\main_res\game_object\title_object</Filter>
    </ClCompile>
    <ClCompile Include="option.cpp">
      <Filter>ソース ファイル\main_res\game_object\title_object</Filter>
    </ClCompile>
    <ClCompile Include="GameScene.cpp">
      <Filter>ソース ファイル\main_res\Scene</Filter>
    </ClCompile>
    <ClCompile Include="OptionScene.cpp">
      <Filter>ソース ファイル\main_res\Scene</Filter>
    </ClCompile>
    <ClCompile Include="LoadScene.cpp">
      <Filter>ソース ファイル\main_res\Scene</Filter>
    </ClCompile>
    <ClCompile Include="save_and_return.cpp">
      <Filter>ソース ファイル\main_res\game_object\option_object</Filter>
    </ClCompile>
    <ClCompile Include="fade_in.cpp">
      <Filter>ソース ファイル\main_res\game_object\effect_object</Filter>
    </ClCompile>
    <ClCompile Include="fade_out.cpp">
      <Filter>ソース ファイル\main_res\game_object\effect_object</Filter>
    </ClCompile>
  </ItemGroup>
  <ItemGroup>
    <ClInclude Include="System.h">
      <Filter>ヘッダー ファイル\System</Filter>
    </ClInclude>
    <ClInclude Include="Main_Game.h">
      <Filter>ヘッダー ファイル\main_res</Filter>
    </ClInclude>
    <ClInclude Include="define.h">
      <Filter>ヘッダー ファイル\main_res</Filter>
    </ClInclude>
    <ClInclude Include="Collision.h">
      <Filter>ヘッダー ファイル\main_res\object_system</Filter>
    </ClInclude>
    <ClInclude Include="Object_Base.h">
      <Filter>ヘッダー ファイル\main_res\object_system</Filter>
    </ClInclude>
    <ClInclude Include="FileInput.h">
      <Filter>ヘッダー ファイル\main_res\input</Filter>
    </ClInclude>
    <ClInclude Include="Input.h">
      <Filter>ヘッダー ファイル\main_res\input</Filter>
    </ClInclude>
    <ClInclude Include="button_ui.h">
      <Filter>ヘッダー ファイル\main_res\object_system</Filter>
    </ClInclude>
    <ClInclude Include="ObjectVector.h">
      <Filter>ヘッダー ファイル\main_res\object_system</Filter>
    </ClInclude>
    <ClInclude Include="LogoScene.h">
      <Filter>ヘッダー ファイル\main_res\Scene</Filter>
    </ClInclude>
    <ClInclude Include="Loading.h">
      <Filter>ヘッダー ファイル\main_res\game_object\basic</Filter>
    </ClInclude>
    <ClInclude Include="logo.h">
      <Filter>ヘッダー ファイル\main_res\game_object\basic</Filter>
    </ClInclude>
    <ClInclude Include="LoadingScene.h">
      <Filter>ヘッダー ファイル\main_res\Scene</Filter>
    </ClInclude>
    <ClInclude Include="start.h">
      <Filter>ヘッダー ファイル\main_res\game_object\title_object</Filter>
    </ClInclude>
    <ClInclude Include="StartScene.h">
      <Filter>ヘッダー ファイル\main_res\Scene</Filter>
    </ClInclude>
    <ClInclude Include="Exit.h">
      <Filter>ヘッダー ファイル\main_res\game_object\title_object</Filter>
    </ClInclude>
    <ClInclude Include="load.h">
      <Filter>ヘッダー ファイル\main_res\game_object\title_object</Filter>
    </ClInclude>
    <ClInclude Include="option.h">
      <Filter>ヘッダー ファイル\main_res\game_object\title_object</Filter>
    </ClInclude>
    <ClInclude Include="GameScene.h">
      <Filter>ヘッダー ファイル\main_res\Scene</Filter>
    </ClInclude>
    <ClInclude Include="OptionScene.h">
      <Filter>ヘッダー ファイル\main_res\Scene</Filter>
    </ClInclude>
    <ClInclude Include="LoadScene.h">
      <Filter>ヘッダー ファイル\main_res\Scene</Filter>
    </ClInclude>
    <ClInclude Include="save_and_return.h">
      <Filter>ヘッダー ファイル\main_res\game_object\option_object</Filter>
    </ClInclude>
    <ClInclude Include="fade_in.h">
      <Filter>ヘッダー ファイル\main_res\game_object\effect_object</Filter>
    </ClInclude>
    <ClInclude Include="fade_out.h">
      <Filter>ヘッダー ファイル\main_res\game_object\effect_object</Filter>
    </ClInclude>
  </ItemGroup>
</Project>